
Microsoft Visual Studio Solution File, Format Version 12.00
# Visual Studio Version 17
VisualStudioVersion = 17.0.31903.59
MinimumVisualStudioVersion = 10.0.40219.1
Project("{2150E333-8FDC-42A3-9474-1A3956D46DE8}") = "Core", "Core", "{E491425B-1E58-4AE2-AE92-C64332879B1C}"
EndProject
Project("{2150E333-8FDC-42A3-9474-1A3956D46DE8}") = "Infrastructure", "Infrastructure", "{30613D36-2617-4054-8403-ECED0AF81F0F}"
EndProject
Project("{2150E333-8FDC-42A3-9474-1A3956D46DE8}") = "Presentation", "Presentation", "{A10A5852-5B33-45D4-988E-F2F6ED280C53}"
EndProject
Project("{FAE04EC0-301F-11D3-BF4B-00C04F79EFBC}") = "EduSurveyAnalytics.Domain", "EduSurveyAnalytics.Domain\EduSurveyAnalytics.Domain.csproj", "{131305AE-1C3A-4A99-8112-8230DF6E1BC0}"
EndProject
Project("{FAE04EC0-301F-11D3-BF4B-00C04F79EFBC}") = "EduSurveyAnalytics.Application", "EduSurveyAnalytics.Application\EduSurveyAnalytics.Application.csproj", "{3324651B-C123-4652-BFE5-3A1654C0A9D5}"
EndProject
Project("{FAE04EC0-301F-11D3-BF4B-00C04F79EFBC}") = "EduSurveyAnalytics.Persistence", "EduSurveyAnalytics.Persistence\EduSurveyAnalytics.Persistence.csproj", "{F16C9C40-0D00-4D8A-BE4A-C1FE0DE9BA96}"
EndProject
Global
	GlobalSection(SolutionConfigurationPlatforms) = preSolution
		Debug|Any CPU = Debug|Any CPU
		Release|Any CPU = Release|Any CPU
	EndGlobalSection
	GlobalSection(ProjectConfigurationPlatforms) = postSolution
		{131305AE-1C3A-4A99-8112-8230DF6E1BC0}.Debug|Any CPU.ActiveCfg = Debug|Any CPU
		{131305AE-1C3A-4A99-8112-8230DF6E1BC0}.Debug|Any CPU.Build.0 = Debug|Any CPU
		{131305AE-1C3A-4A99-8112-8230DF6E1BC0}.Release|Any CPU.ActiveCfg = Release|Any CPU
		{131305AE-1C3A-4A99-8112-8230DF6E1BC0}.Release|Any CPU.Build.0 = Release|Any CPU
		{3324651B-C123-4652-BFE5-3A1654C0A9D5}.Debug|Any CPU.ActiveCfg = Debug|Any CPU
		{3324651B-C123-4652-BFE5-3A1654C0A9D5}.Debug|Any CPU.Build.0 = Debug|Any CPU
		{3324651B-C123-4652-BFE5-3A1654C0A9D5}.Release|Any CPU.ActiveCfg = Release|Any CPU
		{3324651B-C123-4652-BFE5-3A1654C0A9D5}.Release|Any CPU.Build.0 = Release|Any CPU
		{F16C9C40-0D00-4D8A-BE4A-C1FE0DE9BA96}.Debug|Any CPU.ActiveCfg = Debug|Any CPU
		{F16C9C40-0D00-4D8A-BE4A-C1FE0DE9BA96}.Debug|Any CPU.Build.0 = Debug|Any CPU
		{F16C9C40-0D00-4D8A-BE4A-C1FE0DE9BA96}.Release|Any CPU.ActiveCfg = Release|Any CPU
		{F16C9C40-0D00-4D8A-BE4A-C1FE0DE9BA96}.Release|Any CPU.Build.0 = Release|Any CPU
	EndGlobalSection
	GlobalSection(SolutionProperties) = preSolution
		HideSolutionNode = FALSE
	EndGlobalSection
	GlobalSection(NestedProjects) = preSolution
		{131305AE-1C3A-4A99-8112-8230DF6E1BC0} = {E491425B-1E58-4AE2-AE92-C64332879B1C}
		{3324651B-C123-4652-BFE5-3A1654C0A9D5} = {E491425B-1E58-4AE2-AE92-C64332879B1C}
		{F16C9C40-0D00-4D8A-BE4A-C1FE0DE9BA96} = {30613D36-2617-4054-8403-ECED0AF81F0F}
	EndGlobalSection
	GlobalSection(ExtensibilityGlobals) = postSolution
		SolutionGuid = {C05CF66F-65BC-4B3B-9844-2B60A871B3AD}
	EndGlobalSection
EndGlobal
